{
  "nodes": {
    "nixpkgs": {
      "locked": {
        "lastModified": 1736061677,
        "narHash": "sha256-DjkQPnkAfd7eB522PwnkGhOMuT9QVCZspDpJJYyOj60=",
        "path": "/nix/store/g3jyakqb3ipnr6gz5rw10fb17ckr2z00-source",
        "rev": "cbd8ec4de4469333c82ff40d057350c30e9f7d36",
        "type": "path"
      },
      "original": {
        "id": "nixpkgs",
        "type": "indirect"
      }
    },
    "root": {
      "inputs": {
        "nixpkgs": "nixpkgs"
      }
    }
  },
  "root": "root",
  "version": 7
}
